
Microsoft Visual Studio Solution File, Format Version 12.00
# Visual Studio Version 17
VisualStudioVersion = 17.7.34202.233
MinimumVisualStudioVersion = 10.0.40219.1
Project("{9A19103F-16F7-4668-BE54-9A1E7A4F7556}") = "BlazorMauiApp", "BlazorMaui\BlazorMauiApp.csproj", "{F4A630E2-8EF3-4714-9D26-D6724E451563}"
EndProject
Project("{9A19103F-16F7-4668-BE54-9A1E7A4F7556}") = "Components", "Components\Components.csproj", "{90EA7230-609D-4EBE-8307-5A06236F8FF5}"
EndProject
Project("{9A19103F-16F7-4668-BE54-9A1E7A4F7556}") = "BlazorWASM.Server", "BlazorWASM\Server\BlazorWASM.Server.csproj", "{7F62D13F-3AB9-4A62-93F7-6C86E7577BB7}"
EndProject
Project("{9A19103F-16F7-4668-BE54-9A1E7A4F7556}") = "BlazorWASM.Client", "BlazorWASM\Client\BlazorWASM.Client.csproj", "{B25685D4-78AC-419A-9C81-74BE3CD15ECB}"
EndProject
Project("{9A19103F-16F7-4668-BE54-9A1E7A4F7556}") = "BlazorWASM.Shared", "BlazorWASM\Shared\BlazorWASM.Shared.csproj", "{220BB65A-CF90-46FB-B30E-68048224BAFF}"
EndProject
Project("{2150E333-8FDC-42A3-9474-1A3956D46DE8}") = "Solution Items", "Solution Items", "{864CC9C1-BAF8-407A-8ECE-0606F72BD4F8}"
	ProjectSection(SolutionItems) = preProject
		.gitattributes = .gitattributes
		.gitignore = .gitignore
		README.md = README.md
	EndProjectSection
EndProject
Global
	GlobalSection(SolutionConfigurationPlatforms) = preSolution
		Debug|Any CPU = Debug|Any CPU
		Release|Any CPU = Release|Any CPU
	EndGlobalSection
	GlobalSection(ProjectConfigurationPlatforms) = postSolution
		{F4A630E2-8EF3-4714-9D26-D6724E451563}.Debug|Any CPU.ActiveCfg = Debug|Any CPU
		{F4A630E2-8EF3-4714-9D26-D6724E451563}.Debug|Any CPU.Build.0 = Debug|Any CPU
		{F4A630E2-8EF3-4714-9D26-D6724E451563}.Debug|Any CPU.Deploy.0 = Debug|Any CPU
		{F4A630E2-8EF3-4714-9D26-D6724E451563}.Release|Any CPU.ActiveCfg = Release|Any CPU
		{F4A630E2-8EF3-4714-9D26-D6724E451563}.Release|Any CPU.Build.0 = Release|Any CPU
		{F4A630E2-8EF3-4714-9D26-D6724E451563}.Release|Any CPU.Deploy.0 = Release|Any CPU
		{90EA7230-609D-4EBE-8307-5A06236F8FF5}.Debug|Any CPU.ActiveCfg = Debug|Any CPU
		{90EA7230-609D-4EBE-8307-5A06236F8FF5}.Debug|Any CPU.Build.0 = Debug|Any CPU
		{90EA7230-609D-4EBE-8307-5A06236F8FF5}.Release|Any CPU.ActiveCfg = Release|Any CPU
		{90EA7230-609D-4EBE-8307-5A06236F8FF5}.Release|Any CPU.Build.0 = Release|Any CPU
		{7F62D13F-3AB9-4A62-93F7-6C86E7577BB7}.Debug|Any CPU.ActiveCfg = Debug|Any CPU
		{7F62D13F-3AB9-4A62-93F7-6C86E7577BB7}.Debug|Any CPU.Build.0 = Debug|Any CPU
		{7F62D13F-3AB9-4A62-93F7-6C86E7577BB7}.Release|Any CPU.ActiveCfg = Release|Any CPU
		{7F62D13F-3AB9-4A62-93F7-6C86E7577BB7}.Release|Any CPU.Build.0 = Release|Any CPU
		{B25685D4-78AC-419A-9C81-74BE3CD15ECB}.Debug|Any CPU.ActiveCfg = Debug|Any CPU
		{B25685D4-78AC-419A-9C81-74BE3CD15ECB}.Debug|Any CPU.Build.0 = Debug|Any CPU
		{B25685D4-78AC-419A-9C81-74BE3CD15ECB}.Release|Any CPU.ActiveCfg = Release|Any CPU
		{B25685D4-78AC-419A-9C81-74BE3CD15ECB}.Release|Any CPU.Build.0 = Release|Any CPU
		{220BB65A-CF90-46FB-B30E-68048224BAFF}.Debug|Any CPU.ActiveCfg = Debug|Any CPU
		{220BB65A-CF90-46FB-B30E-68048224BAFF}.Debug|Any CPU.Build.0 = Debug|Any CPU
		{220BB65A-CF90-46FB-B30E-68048224BAFF}.Release|Any CPU.ActiveCfg = Release|Any CPU
		{220BB65A-CF90-46FB-B30E-68048224BAFF}.Release|Any CPU.Build.0 = Release|Any CPU
	EndGlobalSection
	GlobalSection(SolutionProperties) = preSolution
		HideSolutionNode = FALSE
	EndGlobalSection
	GlobalSection(ExtensibilityGlobals) = postSolution
		SolutionGuid = {B9418987-C103-41FD-B3BE-E641BCA12BF7}
	EndGlobalSection
EndGlobal
